
Microsoft Visual Studio Solution File, Format Version 12.00
# Visual Studio Version 16
VisualStudioVersion = 16.0.33423.256
MinimumVisualStudioVersion = 10.0.40219.1
Project("{FAE04EC0-301F-11D3-BF4B-00C04F79EFBC}") = "cinema_app", "cinema_app\cinema_app.csproj", "{C441D50C-713A-428F-870B-7D8622261B31}"
EndProject
Global
	GlobalSection(SolutionConfigurationPlatforms) = preSolution
		Debug|Any CPU = Debug|Any CPU
		Release|Any CPU = Release|Any CPU
	EndGlobalSection
	GlobalSection(ProjectConfigurationPlatforms) = postSolution
		{C441D50C-713A-428F-870B-7D8622261B31}.Debug|Any CPU.ActiveCfg = Debug|Any CPU
		{C441D50C-713A-428F-870B-7D8622261B31}.Debug|Any CPU.Build.0 = Debug|Any CPU
		{C441D50C-713A-428F-870B-7D8622261B31}.Release|Any CPU.ActiveCfg = Release|Any CPU
		{C441D50C-713A-428F-870B-7D8622261B31}.Release|Any CPU.Build.0 = Release|Any CPU
	EndGlobalSection
	GlobalSection(SolutionProperties) = preSolution
		HideSolutionNode = FALSE
	EndGlobalSection
	GlobalSection(ExtensibilityGlobals) = postSolution
		SolutionGuid = {BC43C890-3D93-4A82-B69D-05A14FB3DC1E}
	EndGlobalSection
EndGlobal
